// !$*UTF8*$!
{
	archiveVersion = 1;
	classes = {
	};
	objectVersion = 46;
	objects = {

/* Begin PBXBuildFile section */
		430AB79B1C357D6100668B5C /* CJImageView.m in Sources */ = {isa = PBXBuildFile; fileRef = 430AB7981C357D6100668B5C /* CJImageView.m */; settings = {ASSET_TAGS = (); }; };
		430AB8651C43B65500668B5C /* CJHttpClient.m in Sources */ = {isa = PBXBuildFile; fileRef = 430AB8621C43B65500668B5C /* CJHttpClient.m */; settings = {ASSET_TAGS = (); }; };
		430AB8661C43B65500668B5C /* CJHttpTool.m in Sources */ = {isa = PBXBuildFile; fileRef = 430AB8641C43B65500668B5C /* CJHttpTool.m */; settings = {ASSET_TAGS = (); }; };
		430AB8691C43CDEC00668B5C /* CJImageViewCache.m in Sources */ = {isa = PBXBuildFile; fileRef = 430AB8681C43CDEC00668B5C /* CJImageViewCache.m */; settings = {ASSET_TAGS = (); }; };
		435830AB1C33D42F0074D713 /* main.m in Sources */ = {isa = PBXBuildFile; fileRef = 435830AA1C33D42F0074D713 /* main.m */; };
		435830AE1C33D42F0074D713 /* AppDelegate.m in Sources */ = {isa = PBXBuildFile; fileRef = 435830AD1C33D42F0074D713 /* AppDelegate.m */; };
		435830B11C33D42F0074D713 /* ViewController.m in Sources */ = {isa = PBXBuildFile; fileRef = 435830B01C33D42F0074D713 /* ViewController.m */; };
		435830B41C33D42F0074D713 /* Main.storyboard in Resources */ = {isa = PBXBuildFile; fileRef = 435830B21C33D42F0074D713 /* Main.storyboard */; };
		435830B61C33D42F0074D713 /* Assets.xcassets in Resources */ = {isa = PBXBuildFile; fileRef = 435830B51C33D42F0074D713 /* Assets.xcassets */; };
		435830B91C33D42F0074D713 /* LaunchScreen.storyboard in Resources */ = {isa = PBXBuildFile; fileRef = 435830B71C33D42F0074D713 /* LaunchScreen.storyboard */; };
		435830C41C33D42F0074D713 /* CJImageViewTests.m in Sources */ = {isa = PBXBuildFile; fileRef = 435830C31C33D42F0074D713 /* CJImageViewTests.m */; };
		435830CF1C33D42F0074D713 /* CJImageViewUITests.m in Sources */ = {isa = PBXBuildFile; fileRef = 435830CE1C33D42F0074D713 /* CJImageViewUITests.m */; };
/* End PBXBuildFile section */

/* Begin PBXContainerItemProxy section */
		435830C01C33D42F0074D713 /* PBXContainerItemProxy */ = {
			isa = PBXContainerItemProxy;
			containerPortal = 4358309E1C33D42F0074D713 /* Project object */;
			proxyType = 1;
			remoteGlobalIDString = 435830A51C33D42F0074D713;
			remoteInfo = CJImageView;
		};
		435830CB1C33D42F0074D713 /* PBXContainerItemProxy */ = {
			isa = PBXContainerItemProxy;
			containerPortal = 4358309E1C33D42F0074D713 /* Project object */;
			proxyType = 1;
			remoteGlobalIDString = 435830A51C33D42F0074D713;
			remoteInfo = CJImageView;
		};
/* End PBXContainerItemProxy section */

/* Begin PBXFileReference section */
		430AB7971C357D6100668B5C /* CJImageView.h */ = {isa = PBXFileReference; fileEncoding = 4; lastKnownFileType = sourcecode.c.h; path = CJImageView.h; sourceTree = "<group>"; };
		430AB7981C357D6100668B5C /* CJImageView.m */ = {isa = PBXFileReference; fileEncoding = 4; lastKnownFileType = sourcecode.c.objc; path = CJImageView.m; sourceTree = "<group>"; };
		430AB8611C43B65500668B5C /* CJHttpClient.h */ = {isa = PBXFileReference; fileEncoding = 4; lastKnownFileType = sourcecode.c.h; path = CJHttpClient.h; sourceTree = "<group>"; };
		430AB8621C43B65500668B5C /* CJHttpClient.m */ = {isa = PBXFileReference; fileEncoding = 4; lastKnownFileType = sourcecode.c.objc; path = CJHttpClient.m; sourceTree = "<group>"; };
		430AB8631C43B65500668B5C /* CJHttpTool.h */ = {isa = PBXFileReference; fileEncoding = 4; lastKnownFileType = sourcecode.c.h; path = CJHttpTool.h; sourceTree = "<group>"; };
		430AB8641C43B65500668B5C /* CJHttpTool.m */ = {isa = PBXFileReference; fileEncoding = 4; lastKnownFileType = sourcecode.c.objc; path = CJHttpTool.m; sourceTree = "<group>"; };
		430AB8671C43CDEC00668B5C /* CJImageViewCache.h */ = {isa = PBXFileReference; fileEncoding = 4; lastKnownFileType = sourcecode.c.h; path = CJImageViewCache.h; sourceTree = "<group>"; };
		430AB8681C43CDEC00668B5C /* CJImageViewCache.m */ = {isa = PBXFileReference; fileEncoding = 4; lastKnownFileType = sourcecode.c.objc; path = CJImageViewCache.m; sourceTree = "<group>"; };
		435830A61C33D42F0074D713 /* CJImageView.app */ = {isa = PBXFileReference; explicitFileType = wrapper.application; includeInIndex = 0; path = CJImageView.app; sourceTree = BUILT_PRODUCTS_DIR; };
		435830AA1C33D42F0074D713 /* main.m */ = {isa = PBXFileReference; lastKnownFileType = sourcecode.c.objc; path = main.m; sourceTree = "<group>"; };
		435830AC1C33D42F0074D713 /* AppDelegate.h */ = {isa = PBXFileReference; lastKnownFileType = sourcecode.c.h; path = AppDelegate.h; sourceTree = "<group>"; };
		435830AD1C33D42F0074D713 /* AppDelegate.m */ = {isa = PBXFileReference; lastKnownFileType = sourcecode.c.objc; path = AppDelegate.m; sourceTree = "<group>"; };
		435830AF1C33D42F0074D713 /* ViewController.h */ = {isa = PBXFileReference; lastKnownFileType = sourcecode.c.h; path = ViewController.h; sourceTree = "<group>"; };
		435830B01C33D42F0074D713 /* ViewController.m */ = {isa = PBXFileReference; lastKnownFileType = sourcecode.c.objc; path = ViewController.m; sourceTree = "<group>"; };
		435830B31C33D42F0074D713 /* Base */ = {isa = PBXFileReference; lastKnownFileType = file.storyboard; name = Base; path = Base.lproj/Main.storyboard; sourceTree = "<group>"; };
		435830B51C33D42F0074D713 /* Assets.xcassets */ = {isa = PBXFileReference; lastKnownFileType = folder.assetcatalog; path = Assets.xcassets; sourceTree = "<group>"; };
		435830B81C33D42F0074D713 /* Base */ = {isa = PBXFileReference; lastKnownFileType = file.storyboard; name = Base; path = Base.lproj/LaunchScreen.storyboard; sourceTree = "<group>"; };
		435830BA1C33D42F0074D713 /* Info.plist */ = {isa = PBXFileReference; lastKnownFileType = text.plist.xml; path = Info.plist; sourceTree = "<group>"; };
		435830BF1C33D42F0074D713 /* CJImageViewTests.xctest */ = {isa = PBXFileReference; explicitFileType = wrapper.cfbundle; includeInIndex = 0; path = CJImageViewTests.xctest; sourceTree = BUILT_PRODUCTS_DIR; };
		435830C31C33D42F0074D713 /* CJImageViewTests.m */ = {isa = PBXFileReference; lastKnownFileType = sourcecode.c.objc; path = CJImageViewTests.m; sourceTree = "<group>"; };
		435830C51C33D42F0074D713 /* Info.plist */ = {isa = PBXFileReference; lastKnownFileType = text.plist.xml; path = Info.plist; sourceTree = "<group>"; };
		435830CA1C33D42F0074D713 /* CJImageViewUITests.xctest */ = {isa = PBXFileReference; explicitFileType = wrapper.cfbundle; includeInIndex = 0; path = CJImageViewUITests.xctest; sourceTree = BUILT_PRODUCTS_DIR; };
		435830CE1C33D42F0074D713 /* CJImageViewUITests.m */ = {isa = PBXFileReference; lastKnownFileType = sourcecode.c.objc; path = CJImageViewUITests.m; sourceTree = "<group>"; };
		435830D01C33D42F0074D713 /* Info.plist */ = {isa = PBXFileReference; lastKnownFileType = text.plist.xml; path = Info.plist; sourceTree = "<group>"; };
/* End PBXFileReference section */

/* Begin PBXFrameworksBuildPhase section */
		435830A31C33D42F0074D713 /* Frameworks */ = {
			isa = PBXFrameworksBuildPhase;
			buildActionMask = 2147483647;
			files = (
			);
			runOnlyForDeploymentPostprocessing = 0;
		};
		435830BC1C33D42F0074D713 /* Frameworks */ = {
			isa = PBXFrameworksBuildPhase;
			buildActionMask = 2147483647;
			files = (
			);
			runOnlyForDeploymentPostprocessing = 0;
		};
		435830C71C33D42F0074D713 /* Frameworks */ = {
			isa = PBXFrameworksBuildPhase;
			buildActionMask = 2147483647;
			files = (
			);
			runOnlyForDeploymentPostprocessing = 0;
		};
/* End PBXFrameworksBuildPhase section */

/* Begin PBXGroup section */
		430AB7921C357D6100668B5C /* CJImageView */ = {
			isa = PBXGroup;
			children = (
				430AB8601C43B65500668B5C /* CJHttp */,
				430AB7971C357D6100668B5C /* CJImageView.h */,
				430AB7981C357D6100668B5C /* CJImageView.m */,
				430AB8671C43CDEC00668B5C /* CJImageViewCache.h */,
				430AB8681C43CDEC00668B5C /* CJImageViewCache.m */,
			);
			path = CJImageView;
			sourceTree = "<group>";
		};
		430AB8601C43B65500668B5C /* CJHttp */ = {
			isa = PBXGroup;
			children = (
				430AB8611C43B65500668B5C /* CJHttpClient.h */,
				430AB8621C43B65500668B5C /* CJHttpClient.m */,
				430AB8631C43B65500668B5C /* CJHttpTool.h */,
				430AB8641C43B65500668B5C /* CJHttpTool.m */,
			);
			path = CJHttp;
			sourceTree = "<group>";
		};
		4358309D1C33D42F0074D713 = {
			isa = PBXGroup;
			children = (
				435830A81C33D42F0074D713 /* CJImageView */,
				435830C21C33D42F0074D713 /* CJImageViewTests */,
				435830CD1C33D42F0074D713 /* CJImageViewUITests */,
				435830A71C33D42F0074D713 /* Products */,
			);
			sourceTree = "<group>";
		};
		435830A71C33D42F0074D713 /* Products */ = {
			isa = PBXGroup;
			children = (
				435830A61C33D42F0074D713 /* CJImageView.app */,
				435830BF1C33D42F0074D713 /* CJImageViewTests.xctest */,
				435830CA1C33D42F0074D713 /* CJImageViewUITests.xctest */,
			);
			name = Products;
			sourceTree = "<group>";
		};
		435830A81C33D42F0074D713 /* CJImageView */ = {
			isa = PBXGroup;
			children = (
				435830AC1C33D42F0074D713 /* AppDelegate.h */,
				435830AD1C33D42F0074D713 /* AppDelegate.m */,
				435830AF1C33D42F0074D713 /* ViewController.h */,
				435830B01C33D42F0074D713 /* ViewController.m */,
				435830B21C33D42F0074D713 /* Main.storyboard */,
				435830B51C33D42F0074D713 /* Assets.xcassets */,
				435830B71C33D42F0074D713 /* LaunchScreen.storyboard */,
				435830BA1C33D42F0074D713 /* Info.plist */,
				430AB7921C357D6100668B5C /* CJImageView */,
				435830A91C33D42F0074D713 /* Supporting Files */,
			);
			path = CJImageView;
			sourceTree = "<group>";
		};
		435830A91C33D42F0074D713 /* Supporting Files */ = {
			isa = PBXGroup;
			children = (
				435830AA1C33D42F0074D713 /* main.m */,
			);
			name = "Supporting Files";
			sourceTree = "<group>";
		};
		435830C21C33D42F0074D713 /* CJImageViewTests */ = {
			isa = PBXGroup;
			children = (
				435830C31C33D42F0074D713 /* CJImageViewTests.m */,
				435830C51C33D42F0074D713 /* Info.plist */,
			);
			path = CJImageViewTests;
			sourceTree = "<group>";
		};
		435830CD1C33D42F0074D713 /* CJImageViewUITests */ = {
			isa = PBXGroup;
			children = (
				435830CE1C33D42F0074D713 /* CJImageViewUITests.m */,
				435830D01C33D42F0074D713 /* Info.plist */,
			);
			path = CJImageViewUITests;
			sourceTree = "<group>";
		};
/* End PBXGroup section */

/* Begin PBXNativeTarget section */
		435830A51C33D42F0074D713 /* CJImageView */ = {
			isa = PBXNativeTarget;
			buildConfigurationList = 435830D31C33D42F0074D713 /* Build configuration list for PBXNativeTarget "CJImageView" */;
			buildPhases = (
				435830A21C33D42F0074D713 /* Sources */,
				435830A31C33D42F0074D713 /* Frameworks */,
				435830A41C33D42F0074D713 /* Resources */,
			);
			buildRules = (
			);
			dependencies = (
			);
			name = CJImageView;
			productName = CJImageView;
			productReference = 435830A61C33D42F0074D713 /* CJImageView.app */;
			productType = "com.apple.product-type.application";
		};
		435830BE1C33D42F0074D713 /* CJImageViewTests */ = {
			isa = PBXNativeTarget;
			buildConfigurationList = 435830D61C33D42F0074D713 /* Build configuration list for PBXNativeTarget "CJImageViewTests" */;
			buildPhases = (
				435830BB1C33D42F0074D713 /* Sources */,
				435830BC1C33D42F0074D713 /* Frameworks */,
				435830BD1C33D42F0074D713 /* Resources */,
			);
			buildRules = (
			);
			dependencies = (
				435830C11C33D42F0074D713 /* PBXTargetDependency */,
			);
			name = CJImageViewTests;
			productName = CJImageViewTests;
			productReference = 435830BF1C33D42F0074D713 /* CJImageViewTests.xctest */;
			productType = "com.apple.product-type.bundle.unit-test";
		};
		435830C91C33D42F0074D713 /* CJImageViewUITests */ = {
			isa = PBXNativeTarget;
			buildConfigurationList = 435830D91C33D42F0074D713 /* Build configuration list for PBXNativeTarget "CJImageViewUITests" */;
			buildPhases = (
				435830C61C33D42F0074D713 /* Sources */,
				435830C71C33D42F0074D713 /* Frameworks */,
				435830C81C33D42F0074D713 /* Resources */,
			);
			buildRules = (
			);
			dependencies = (
				435830CC1C33D42F0074D713 /* PBXTargetDependency */,
			);
			name = CJImageViewUITests;
			productName = CJImageViewUITests;
			productReference = 435830CA1C33D42F0074D713 /* CJImageViewUITests.xctest */;
			productType = "com.apple.product-type.bundle.ui-testing";
		};
/* End PBXNativeTarget section */

/* Begin PBXProject section */
		4358309E1C33D42F0074D713 /* Project object */ = {
			isa = PBXProject;
			attributes = {
				LastUpgradeCheck = 0700;
				ORGANIZATIONNAME = C.K.Lian;
				TargetAttributes = {
					435830A51C33D42F0074D713 = {
						CreatedOnToolsVersion = 7.0;
					};
					435830BE1C33D42F0074D713 = {
						CreatedOnToolsVersion = 7.0;
						TestTargetID = 435830A51C33D42F0074D713;
					};
					435830C91C33D42F0074D713 = {
						CreatedOnToolsVersion = 7.0;
						TestTargetID = 435830A51C33D42F0074D713;
					};
				};
			};
			buildConfigurationList = 435830A11C33D42F0074D713 /* Build configuration list for PBXProject "CJImageView" */;
			compatibilityVersion = "Xcode 3.2";
			developmentRegion = English;
			hasScannedForEncodings = 0;
			knownRegions = (
				en,
				Base,
			);
			mainGroup = 4358309D1C33D42F0074D713;
			productRefGroup = 435830A71C33D42F0074D713 /* Products */;
			projectDirPath = "";
			projectRoot = "";
			targets = (
				435830A51C33D42F0074D713 /* CJImageView */,
				435830BE1C33D42F0074D713 /* CJImageViewTests */,
				435830C91C33D42F0074D713 /* CJImageViewUITests */,
			);
		};
/* End PBXProject section */

/* Begin PBXResourcesBuildPhase section */
		435830A41C33D42F0074D713 /* Resources */ = {
			isa = PBXResourcesBuildPhase;
			buildActionMask = 2147483647;
			files = (
				435830B91C33D42F0074D713 /* LaunchScreen.storyboard in Resources */,
				435830B61C33D42F0074D713 /* Assets.xcassets in Resources */,
				435830B41C33D42F0074D713 /* Main.storyboard in Resources */,
			);
			runOnlyForDeploymentPostprocessing = 0;
		};
		435830BD1C33D42F0074D713 /* Resources */ = {
			isa = PBXResourcesBuildPhase;
			buildActionMask = 2147483647;
			files = (
			);
			runOnlyForDeploymentPostprocessing = 0;
		};
		435830C81C33D42F0074D713 /* Resources */ = {
			isa = PBXResourcesBuildPhase;
			buildActionMask = 2147483647;
			files = (
			);
			runOnlyForDeploymentPostprocessing = 0;
		};
/* End PBXResourcesBuildPhase section */

/* Begin PBXSourcesBuildPhase section */
		435830A21C33D42F0074D713 /* Sources */ = {
			isa = PBXSourcesBuildPhase;
			buildActionMask = 2147483647;
			files = (
				430AB8691C43CDEC00668B5C /* CJImageViewCache.m in Sources */,
				430AB79B1C357D6100668B5C /* CJImageView.m in Sources */,
				430AB8661C43B65500668B5C /* CJHttpTool.m in Sources */,
				435830B11C33D42F0074D713 /* ViewController.m in Sources */,
				435830AE1C33D42F0074D713 /* AppDelegate.m in Sources */,
				435830AB1C33D42F0074D713 /* main.m in Sources */,
				430AB8651C43B65500668B5C /* CJHttpClient.m in Sources */,
			);
			runOnlyForDeploymentPostprocessing = 0;
		};
		435830BB1C33D42F0074D713 /* Sources */ = {
			isa = PBXSourcesBuildPhase;
			buildActionMask = 2147483647;
			files = (
				435830C41C33D42F0074D713 /* CJImageViewTests.m in Sources */,
			);
			runOnlyForDeploymentPostprocessing = 0;
		};
		435830C61C33D42F0074D713 /* Sources */ = {
			isa = PBXSourcesBuildPhase;
			buildActionMask = 2147483647;
			files = (
				435830CF1C33D42F0074D713 /* CJImageViewUITests.m in Sources */,
			);
			runOnlyForDeploymentPostprocessing = 0;
		};
/* End PBXSourcesBuildPhase section */

/* Begin PBXTargetDependency section */
		435830C11C33D42F0074D713 /* PBXTargetDependency */ = {
			isa = PBXTargetDependency;
			target = 435830A51C33D42F0074D713 /* CJImageView */;
			targetProxy = 435830C01C33D42F0074D713 /* PBXContainerItemProxy */;
		};
		435830CC1C33D42F0074D713 /* PBXTargetDependency */ = {
			isa = PBXTargetDependency;
			target = 435830A51C33D42F0074D713 /* CJImageView */;
			targetProxy = 435830CB1C33D42F0074D713 /* PBXContainerItemProxy */;
		};
/* End PBXTargetDependency section */

/* Begin PBXVariantGroup section */
		435830B21C33D42F0074D713 /* Main.storyboard */ = {
			isa = PBXVariantGroup;
			children = (
				435830B31C33D42F0074D713 /* Base */,
			);
			name = Main.storyboard;
			sourceTree = "<group>";
		};
		435830B71C33D42F0074D713 /* LaunchScreen.storyboard */ = {
			isa = PBXVariantGroup;
			children = (
				435830B81C33D42F0074D713 /* Base */,
			);
			name = LaunchScreen.storyboard;
			sourceTree = "<group>";
		};
/* End PBXVariantGroup section */

/* Begin XCBuildConfiguration section */
		435830D11C33D42F0074D713 /* Debug */ = {
			isa = XCBuildConfiguration;
			buildSettings = {
				ALWAYS_SEARCH_USER_PATHS = NO;
				CLANG_CXX_LANGUAGE_STANDARD = "gnu++0x";
				CLANG_CXX_LIBRARY = "libc++";
				CLANG_ENABLE_MODULES = YES;
				CLANG_ENABLE_OBJC_ARC = YES;
				CLANG_WARN_BOOL_CONVERSION = YES;
				CLANG_WARN_CONSTANT_CONVERSION = YES;
				CLANG_WARN_DIRECT_OBJC_ISA_USAGE = YES_ERROR;
				CLANG_WARN_EMPTY_BODY = YES;
				CLANG_WARN_ENUM_CONVERSION = YES;
				CLANG_WARN_INT_CONVERSION = YES;
				CLANG_WARN_OBJC_ROOT_CLASS = YES_ERROR;
				CLANG_WARN_UNREACHABLE_CODE = YES;
				CLANG_WARN__DUPLICATE_METHOD_MATCH = YES;
				"CODE_SIGN_IDENTITY[sdk=iphoneos*]" = "iPhone Developer";
				COPY_PHASE_STRIP = NO;
				DEBUG_INFORMATION_FORMAT = dwarf;
				ENABLE_STRICT_OBJC_MSGSEND = YES;
				ENABLE_TESTABILITY = YES;
				GCC_C_LANGUAGE_STANDARD = gnu99;
				GCC_DYNAMIC_NO_PIC = NO;
				GCC_NO_COMMON_BLOCKS = YES;
				GCC_OPTIMIZATION_LEVEL = 0;
				GCC_PREPROCESSOR_DEFINITIONS = (
					"DEBUG=1",
					"$(inherited)",
				);
				GCC_WARN_64_TO_32_BIT_CONVERSION = YES;
				GCC_WARN_ABOUT_RETURN_TYPE = YES_ERROR;
				GCC_WARN_UNDECLARED_SELECTOR = YES;
				GCC_WARN_UNINITIALIZED_AUTOS = YES_AGGRESSIVE;
				GCC_WARN_UNUSED_FUNCTION = YES;
				GCC_WARN_UNUSED_VARIABLE = YES;
				IPHONEOS_DEPLOYMENT_TARGET = 9.0;
				MTL_ENABLE_DEBUG_INFO = YES;
				ONLY_ACTIVE_ARCH = YES;
				SDKROOT = iphoneos;
				TARGETED_DEVICE_FAMILY = "1,2";
			};
			name = Debug;
		};
		435830D21C33D42F0074D713 /* Release */ = {
			isa = XCBuildConfiguration;
			buildSettings = {
				ALWAYS_SEARCH_USER_PATHS = NO;
				CLANG_CXX_LANGUAGE_STANDARD = "gnu++0x";
				CLANG_CXX_LIBRARY = "libc++";
				CLANG_ENABLE_MODULES = YES;
				CLANG_ENABLE_OBJC_ARC = YES;
				CLANG_WARN_BOOL_CONVERSION = YES;
				CLANG_WARN_CONSTANT_CONVERSION = YES;
				CLANG_WARN_DIRECT_OBJC_ISA_USAGE = YES_ERROR;
				CLANG_WARN_EMPTY_BODY = YES;
				CLANG_WARN_ENUM_CONVERSION = YES;
				CLANG_WARN_INT_CONVERSION = YES;
				CLANG_WARN_OBJC_ROOT_CLASS = YES_ERROR;
				CLANG_WARN_UNREACHABLE_CODE = YES;
				CLANG_WARN__DUPLICATE_METHOD_MATCH = YES;
				"CODE_SIGN_IDENTITY[sdk=iphoneos*]" = "iPhone Developer";
				COPY_PHASE_STRIP = NO;
				DEBUG_INFORMATION_FORMAT = "dwarf-with-dsym";
				ENABLE_NS_ASSERTIONS = NO;
				ENABLE_STRICT_OBJC_MSGSEND = YES;
				GCC_C_LANGUAGE_STANDARD = gnu99;
				GCC_NO_COMMON_BLOCKS = YES;
				GCC_WARN_64_TO_32_BIT_CONVERSION = YES;
				GCC_WARN_ABOUT_RETURN_TYPE = YES_ERROR;
				GCC_WARN_UNDECLARED_SELECTOR = YES;
				GCC_WARN_UNINITIALIZED_AUTOS = YES_AGGRESSIVE;
				GCC_WARN_UNUSED_FUNCTION = YES;
				GCC_WARN_UNUSED_VARIABLE = YES;
				IPHONEOS_DEPLOYMENT_TARGET = 9.0;
				MTL_ENABLE_DEBUG_INFO = NO;
				SDKROOT = iphoneos;
				TARGETED_DEVICE_FAMILY = "1,2";
				VALIDATE_PRODUCT = YES;
			};
			name = Release;
		};
		435830D41C33D42F0074D713 /* Debug */ = {
			isa = XCBuildConfiguration;
			buildSettings = {
				ASSETCATALOG_COMPILER_APPICON_NAME = AppIcon;
				INFOPLIST_FILE = CJImageView/Info.plist;
				LD_RUNPATH_SEARCH_PATHS = "$(inherited) @executable_path/Frameworks";
				PRODUCT_BUNDLE_IDENTIFIER = cj.CJImageView;
				PRODUCT_NAME = "$(TARGET_NAME)";
			};
			name = Debug;
		};
		435830D51C33D42F0074D713 /* Release */ = {
			isa = XCBuildConfiguration;
			buildSettings = {
				ASSETCATALOG_COMPILER_APPICON_NAME = AppIcon;
				INFOPLIST_FILE = CJImageView/Info.plist;
				LD_RUNPATH_SEARCH_PATHS = "$(inherited) @executable_path/Frameworks";
				PRODUCT_BUNDLE_IDENTIFIER = cj.CJImageView;
				PRODUCT_NAME = "$(TARGET_NAME)";
			};
			name = Release;
		};
		435830D71C33D42F0074D713 /* Debug */ = {
			isa = XCBuildConfiguration;
			buildSettings = {
				BUNDLE_LOADER = "$(TEST_HOST)";
				INFOPLIST_FILE = CJImageViewTests/Info.plist;
				LD_RUNPATH_SEARCH_PATHS = "$(inherited) @executable_path/Frameworks @loader_path/Frameworks";
				PRODUCT_BUNDLE_IDENTIFIER = cj.CJImageViewTests;
				PRODUCT_NAME = "$(TARGET_NAME)";
				TEST_HOST = "$(BUILT_PRODUCTS_DIR)/CJImageView.app/CJImageView";
			};
			name = Debug;
		};
		435830D81C33D42F0074D713 /* Release */ = {
			isa = XCBuildConfiguration;
			buildSettings = {
				BUNDLE_LOADER = "$(TEST_HOST)";
				INFOPLIST_FILE = CJImageViewTests/Info.plist;
				LD_RUNPATH_SEARCH_PATHS = "$(inherited) @executable_path/Frameworks @loader_path/Frameworks";
				PRODUCT_BUNDLE_IDENTIFIER = cj.CJImageViewTests;
				PRODUCT_NAME = "$(TARGET_NAME)";
				TEST_HOST = "$(BUILT_PRODUCTS_DIR)/CJImageView.app/CJImageView";
			};
			name = Release;
		};
		435830DA1C33D42F0074D713 /* Debug */ = {
			isa = XCBuildConfiguration;
			buildSettings = {
				INFOPLIST_FILE = CJImageViewUITests/Info.plist;
				LD_RUNPATH_SEARCH_PATHS = "$(inherited) @executable_path/Frameworks @loader_path/Frameworks";
				PRODUCT_BUNDLE_IDENTIFIER = cj.CJImageViewUITests;
				PRODUCT_NAME = "$(TARGET_NAME)";
				TEST_TARGET_NAME = CJImageView;
				USES_XCTRUNNER = YES;
			};
			name = Debug;
		};
		435830DB1C33D42F0074D713 /* Release */ = {
			isa = XCBuildConfiguration;
			buildSettings = {
				INFOPLIST_FILE = CJImageViewUITests/Info.plist;
				LD_RUNPATH_SEARCH_PATHS = "$(inherited) @executable_path/Frameworks @loader_path/Frameworks";
				PRODUCT_BUNDLE_IDENTIFIER = cj.CJImageViewUITests;
				PRODUCT_NAME = "$(TARGET_NAME)";
				TEST_TARGET_NAME = CJImageView;
				USES_XCTRUNNER = YES;
			};
			name = Release;
		};
/* End XCBuildConfiguration section */

/* Begin XCConfigurationList section */
		435830A11C33D42F0074D713 /* Build configuration list for PBXProject "CJImageView" */ = {
			isa = XCConfigurationList;
			buildConfigurations = (
				435830D11C33D42F0074D713 /* Debug */,
				435830D21C33D42F0074D713 /* Release */,
			);
			defaultConfigurationIsVisible = 0;
			defaultConfigurationName = Release;
		};
		435830D31C33D42F0074D713 /* Build configuration list for PBXNativeTarget "CJImageView" */ = {
			isa = XCConfigurationList;
			buildConfigurations = (
				435830D41C33D42F0074D713 /* Debug */,
				435830D51C33D42F0074D713 /* Release */,
			);
			defaultConfigurationIsVisible = 0;
			defaultConfigurationName = Release;
		};
		435830D61C33D42F0074D713 /* Build configuration list for PBXNativeTarget "CJImageViewTests" */ = {
			isa = XCConfigurationList;
			buildConfigurations = (
				435830D71C33D42F0074D713 /* Debug */,
				435830D81C33D42F0074D713 /* Release */,
			);
			defaultConfigurationIsVisible = 0;
			defaultConfigurationName = Release;
		};
		435830D91C33D42F0074D713 /* Build configuration list for PBXNativeTarget "CJImageViewUITests" */ = {
			isa = XCConfigurationList;
			buildConfigurations = (
				435830DA1C33D42F0074D713 /* Debug */,
				435830DB1C33D42F0074D713 /* Release */,
			);
			defaultConfigurationIsVisible = 0;
			defaultConfigurationName = Release;
		};
/* End XCConfigurationList section */
	};
	rootObject = 4358309E1C33D42F0074D713 /* Project object */;
}
